Microsoft Visual Studio Solution File, Format Version 12.00
# Visual Studio 15
VisualStudioVersion = 15.0.26730.10
MinimumVisualStudioVersion = 15.0.26124.0
Project("{2150E333-8FDC-42A3-9474-1A3956D46DE8}") = "src", "src", "{B6A27436-F24D-4C4C-9E7C-C2C7C0A7B033}"
EndProject
Project("{9A19103F-16F7-4668-BE54-9A1E7A4F7556}") = "RxGen", "src\RxGen\RxGen.csproj", "{EAFF42A6-B6AF-464A-8964-E363DA03E624}"
EndProject
Project("{2150E333-8FDC-42A3-9474-1A3956D46DE8}") = "test", "test", "{7E616205-3BB5-48D9-BCB8-B2D25A283E73}"
EndProject
Project("{9A19103F-16F7-4668-BE54-9A1E7A4F7556}") = "RxGen.Tests", "test\RxGen.Tests\RxGen.Tests.csproj", "{4BE1B575-FCAA-4731-8741-C69A84FA8207}"
EndProject
Project("{9A19103F-16F7-4668-BE54-9A1E7A4F7556}") = "RxGen.AcceptanceTests", "test\RxGen.AcceptanceTests\RxGen.AcceptanceTests.csproj", "{27931449-B019-416F-9CDF-385F180F5E5B}"
EndProject
Project("{2150E333-8FDC-42A3-9474-1A3956D46DE8}") = "samples", "samples", "{A48479B6-D1C4-479D-883C-794B51552678}"
EndProject
Project("{9A19103F-16F7-4668-BE54-9A1E7A4F7556}") = "RxGen.Sample", "samples\RxGen.Sample\RxGen.Sample.csproj", "{CA186560-8267-45BB-ADC9-E0867ABB2CB2}"
EndProject
Global
	GlobalSection(SolutionConfigurationPlatforms) = preSolution
		Debug|Any CPU = Debug|Any CPU
		Debug|x64 = Debug|x64
		Debug|x86 = Debug|x86
		Release|Any CPU = Release|Any CPU
		Release|x64 = Release|x64
		Release|x86 = Release|x86
	EndGlobalSection
	GlobalSection(ProjectConfigurationPlatforms) = postSolution
		{EAFF42A6-B6AF-464A-8964-E363DA03E624}.Debug|Any CPU.ActiveCfg = Debug|Any CPU
		{EAFF42A6-B6AF-464A-8964-E363DA03E624}.Debug|Any CPU.Build.0 = Debug|Any CPU
		{EAFF42A6-B6AF-464A-8964-E363DA03E624}.Debug|x64.ActiveCfg = Debug|Any CPU
		{EAFF42A6-B6AF-464A-8964-E363DA03E624}.Debug|x64.Build.0 = Debug|Any CPU
		{EAFF42A6-B6AF-464A-8964-E363DA03E624}.Debug|x86.ActiveCfg = Debug|Any CPU
		{EAFF42A6-B6AF-464A-8964-E363DA03E624}.Debug|x86.Build.0 = Debug|Any CPU
		{EAFF42A6-B6AF-464A-8964-E363DA03E624}.Release|Any CPU.ActiveCfg = Release|Any CPU
		{EAFF42A6-B6AF-464A-8964-E363DA03E624}.Release|Any CPU.Build.0 = Release|Any CPU
		{EAFF42A6-B6AF-464A-8964-E363DA03E624}.Release|x64.ActiveCfg = Release|Any CPU
		{EAFF42A6-B6AF-464A-8964-E363DA03E624}.Release|x64.Build.0 = Release|Any CPU
		{EAFF42A6-B6AF-464A-8964-E363DA03E624}.Release|x86.ActiveCfg = Release|Any CPU
		{EAFF42A6-B6AF-464A-8964-E363DA03E624}.Release|x86.Build.0 = Release|Any CPU
		{4BE1B575-FCAA-4731-8741-C69A84FA8207}.Debug|Any CPU.ActiveCfg = Debug|Any CPU
		{4BE1B575-FCAA-4731-8741-C69A84FA8207}.Debug|Any CPU.Build.0 = Debug|Any CPU
		{4BE1B575-FCAA-4731-8741-C69A84FA8207}.Debug|x64.ActiveCfg = Debug|Any CPU
		{4BE1B575-FCAA-4731-8741-C69A84FA8207}.Debug|x64.Build.0 = Debug|Any CPU
		{4BE1B575-FCAA-4731-8741-C69A84FA8207}.Debug|x86.ActiveCfg = Debug|Any CPU
		{4BE1B575-FCAA-4731-8741-C69A84FA8207}.Debug|x86.Build.0 = Debug|Any CPU
		{4BE1B575-FCAA-4731-8741-C69A84FA8207}.Release|Any CPU.ActiveCfg = Release|Any CPU
		{4BE1B575-FCAA-4731-8741-C69A84FA8207}.Release|Any CPU.Build.0 = Release|Any CPU
		{4BE1B575-FCAA-4731-8741-C69A84FA8207}.Release|x64.ActiveCfg = Release|Any CPU
		{4BE1B575-FCAA-4731-8741-C69A84FA8207}.Release|x64.Build.0 = Release|Any CPU
		{4BE1B575-FCAA-4731-8741-C69A84FA8207}.Release|x86.ActiveCfg = Release|Any CPU
		{4BE1B575-FCAA-4731-8741-C69A84FA8207}.Release|x86.Build.0 = Release|Any CPU
		{27931449-B019-416F-9CDF-385F180F5E5B}.Debug|Any CPU.ActiveCfg = Debug|Any CPU
		{27931449-B019-416F-9CDF-385F180F5E5B}.Debug|Any CPU.Build.0 = Debug|Any CPU
		{27931449-B019-416F-9CDF-385F180F5E5B}.Debug|x64.ActiveCfg = Debug|Any CPU
		{27931449-B019-416F-9CDF-385F180F5E5B}.Debug|x64.Build.0 = Debug|Any CPU
		{27931449-B019-416F-9CDF-385F180F5E5B}.Debug|x86.ActiveCfg = Debug|Any CPU
		{27931449-B019-416F-9CDF-385F180F5E5B}.Debug|x86.Build.0 = Debug|Any CPU
		{27931449-B019-416F-9CDF-385F180F5E5B}.Release|Any CPU.ActiveCfg = Release|Any CPU
		{27931449-B019-416F-9CDF-385F180F5E5B}.Release|Any CPU.Build.0 = Release|Any CPU
		{27931449-B019-416F-9CDF-385F180F5E5B}.Release|x64.ActiveCfg = Release|Any CPU
		{27931449-B019-416F-9CDF-385F180F5E5B}.Release|x64.Build.0 = Release|Any CPU
		{27931449-B019-416F-9CDF-385F180F5E5B}.Release|x86.ActiveCfg = Release|Any CPU
		{27931449-B019-416F-9CDF-385F180F5E5B}.Release|x86.Build.0 = Release|Any CPU
		{CA186560-8267-45BB-ADC9-E0867ABB2CB2}.Debug|Any CPU.ActiveCfg = Debug|Any CPU
		{CA186560-8267-45BB-ADC9-E0867ABB2CB2}.Debug|Any CPU.Build.0 = Debug|Any CPU
		{CA186560-8267-45BB-ADC9-E0867ABB2CB2}.Debug|x64.ActiveCfg = Debug|Any CPU
		{CA186560-8267-45BB-ADC9-E0867ABB2CB2}.Debug|x64.Build.0 = Debug|Any CPU
		{CA186560-8267-45BB-ADC9-E0867ABB2CB2}.Debug|x86.ActiveCfg = Debug|Any CPU
		{CA186560-8267-45BB-ADC9-E0867ABB2CB2}.Debug|x86.Build.0 = Debug|Any CPU
		{CA186560-8267-45BB-ADC9-E0867ABB2CB2}.Release|Any CPU.ActiveCfg = Release|Any CPU
		{CA186560-8267-45BB-ADC9-E0867ABB2CB2}.Release|Any CPU.Build.0 = Release|Any CPU
		{CA186560-8267-45BB-ADC9-E0867ABB2CB2}.Release|x64.ActiveCfg = Release|Any CPU
		{CA186560-8267-45BB-ADC9-E0867ABB2CB2}.Release|x64.Build.0 = Release|Any CPU
		{CA186560-8267-45BB-ADC9-E0867ABB2CB2}.Release|x86.ActiveCfg = Release|Any CPU
		{CA186560-8267-45BB-ADC9-E0867ABB2CB2}.Release|x86.Build.0 = Release|Any CPU
	EndGlobalSection
	GlobalSection(SolutionProperties) = preSolution
		HideSolutionNode = FALSE
	EndGlobalSection
	GlobalSection(NestedProjects) = preSolution
		{EAFF42A6-B6AF-464A-8964-E363DA03E624} = {B6A27436-F24D-4C4C-9E7C-C2C7C0A7B033}
		{4BE1B575-FCAA-4731-8741-C69A84FA8207} = {7E616205-3BB5-48D9-BCB8-B2D25A283E73}
		{27931449-B019-416F-9CDF-385F180F5E5B} = {7E616205-3BB5-48D9-BCB8-B2D25A283E73}
		{CA186560-8267-45BB-ADC9-E0867ABB2CB2} = {A48479B6-D1C4-479D-883C-794B51552678}
	EndGlobalSection
	GlobalSection(ExtensibilityGlobals) = postSolution
		SolutionGuid = {4126F31B-5421-4A86-8828-75DC86BC2C79}
	EndGlobalSection
EndGlobal
